
Microsoft Visual Studio Solution File, Format Version 12.00
# Visual Studio Version 17
VisualStudioVersion = 17.0.31903.59
MinimumVisualStudioVersion = 10.0.40219.1
Project("{2150E333-8FDC-42A3-9474-1A3956D46DE8}") = "src", "src", "{2D59827D-2B6A-4E80-A265-E839984E277C}"
EndProject
Project("{FAE04EC0-301F-11D3-BF4B-00C04F79EFBC}") = "PristaneLaverieSmart.Domain", "src\PristaneLaverieSmart.Domain\PristaneLaverieSmart.Domain.csproj", "{4097131C-B16D-430B-9AC5-4149A0CFDCD5}"
EndProject
Project("{FAE04EC0-301F-11D3-BF4B-00C04F79EFBC}") = "PristaneLaverieSmart.Application", "src\PristaneLaverieSmart.Application\PristaneLaverieSmart.Application.csproj", "{FE4661FF-2BFC-4D4F-A524-78FB455CD20F}"
EndProject
Project("{FAE04EC0-301F-11D3-BF4B-00C04F79EFBC}") = "PristaneLaverieSmart.Infrastructure", "src\PristaneLaverieSmart.Infrastructure\PristaneLaverieSmart.Infrastructure.csproj", "{C74AFD0C-D373-4C5A-8EA1-3C0E30ABC273}"
EndProject
Project("{FAE04EC0-301F-11D3-BF4B-00C04F79EFBC}") = "PristaneLaverieSmart.UI", "src\PristaneLaverieSmart.UI\PristaneLaverieSmart.UI.csproj", "{E6BE1367-480C-46CC-9559-2DB1306833A0}"
EndProject
Project("{FAE04EC0-301F-11D3-BF4B-00C04F79EFBC}") = "PristaneLaverieSmart.API", "src\PristaneLaverieSmart.API\PristaneLaverieSmart.API.csproj", "{B33EAA99-C3AD-42EC-9863-50577FE8E0B8}"
EndProject
Project("{2150E333-8FDC-42A3-9474-1A3956D46DE8}") = "tests", "tests", "{8AFAA5A4-6A4D-4AFC-A691-34DAA832E628}"
EndProject
Project("{FAE04EC0-301F-11D3-BF4B-00C04F79EFBC}") = "PristaneLaverieSmart.Application.Tests", "tests\PristaneLaverieSmart.Application.Tests\PristaneLaverieSmart.Application.Tests.csproj", "{21E0E79F-6930-45CA-BA3C-443CEF94262B}"
EndProject
Project("{FAE04EC0-301F-11D3-BF4B-00C04F79EFBC}") = "PristaneLaverieSmart.Domain.Tests", "tests\PristaneLaverieSmart.Domain.Tests\PristaneLaverieSmart.Domain.Tests.csproj", "{B28BEA4F-AFD9-4962-A207-37F1D8FE64B2}"
EndProject
Global
	GlobalSection(SolutionConfigurationPlatforms) = preSolution
		Debug|Any CPU = Debug|Any CPU
		Release|Any CPU = Release|Any CPU
	EndGlobalSection
	GlobalSection(SolutionProperties) = preSolution
		HideSolutionNode = FALSE
	EndGlobalSection
	GlobalSection(ProjectConfigurationPlatforms) = postSolution
		{4097131C-B16D-430B-9AC5-4149A0CFDCD5}.Debug|Any CPU.ActiveCfg = Debug|Any CPU
		{4097131C-B16D-430B-9AC5-4149A0CFDCD5}.Debug|Any CPU.Build.0 = Debug|Any CPU
		{4097131C-B16D-430B-9AC5-4149A0CFDCD5}.Release|Any CPU.ActiveCfg = Release|Any CPU
		{4097131C-B16D-430B-9AC5-4149A0CFDCD5}.Release|Any CPU.Build.0 = Release|Any CPU
		{FE4661FF-2BFC-4D4F-A524-78FB455CD20F}.Debug|Any CPU.ActiveCfg = Debug|Any CPU
		{FE4661FF-2BFC-4D4F-A524-78FB455CD20F}.Debug|Any CPU.Build.0 = Debug|Any CPU
		{FE4661FF-2BFC-4D4F-A524-78FB455CD20F}.Release|Any CPU.ActiveCfg = Release|Any CPU
		{FE4661FF-2BFC-4D4F-A524-78FB455CD20F}.Release|Any CPU.Build.0 = Release|Any CPU
		{C74AFD0C-D373-4C5A-8EA1-3C0E30ABC273}.Debug|Any CPU.ActiveCfg = Debug|Any CPU
		{C74AFD0C-D373-4C5A-8EA1-3C0E30ABC273}.Debug|Any CPU.Build.0 = Debug|Any CPU
		{C74AFD0C-D373-4C5A-8EA1-3C0E30ABC273}.Release|Any CPU.ActiveCfg = Release|Any CPU
		{C74AFD0C-D373-4C5A-8EA1-3C0E30ABC273}.Release|Any CPU.Build.0 = Release|Any CPU
		{E6BE1367-480C-46CC-9559-2DB1306833A0}.Debug|Any CPU.ActiveCfg = Debug|Any CPU
		{E6BE1367-480C-46CC-9559-2DB1306833A0}.Debug|Any CPU.Build.0 = Debug|Any CPU
		{E6BE1367-480C-46CC-9559-2DB1306833A0}.Release|Any CPU.ActiveCfg = Release|Any CPU
		{E6BE1367-480C-46CC-9559-2DB1306833A0}.Release|Any CPU.Build.0 = Release|Any CPU
		{B33EAA99-C3AD-42EC-9863-50577FE8E0B8}.Debug|Any CPU.ActiveCfg = Debug|Any CPU
		{B33EAA99-C3AD-42EC-9863-50577FE8E0B8}.Debug|Any CPU.Build.0 = Debug|Any CPU
		{B33EAA99-C3AD-42EC-9863-50577FE8E0B8}.Release|Any CPU.ActiveCfg = Release|Any CPU
		{B33EAA99-C3AD-42EC-9863-50577FE8E0B8}.Release|Any CPU.Build.0 = Release|Any CPU
		{21E0E79F-6930-45CA-BA3C-443CEF94262B}.Debug|Any CPU.ActiveCfg = Debug|Any CPU
		{21E0E79F-6930-45CA-BA3C-443CEF94262B}.Debug|Any CPU.Build.0 = Debug|Any CPU
		{21E0E79F-6930-45CA-BA3C-443CEF94262B}.Release|Any CPU.ActiveCfg = Release|Any CPU
		{21E0E79F-6930-45CA-BA3C-443CEF94262B}.Release|Any CPU.Build.0 = Release|Any CPU
		{B28BEA4F-AFD9-4962-A207-37F1D8FE64B2}.Debug|Any CPU.ActiveCfg = Debug|Any CPU
		{B28BEA4F-AFD9-4962-A207-37F1D8FE64B2}.Debug|Any CPU.Build.0 = Debug|Any CPU
		{B28BEA4F-AFD9-4962-A207-37F1D8FE64B2}.Release|Any CPU.ActiveCfg = Release|Any CPU
		{B28BEA4F-AFD9-4962-A207-37F1D8FE64B2}.Release|Any CPU.Build.0 = Release|Any CPU
	EndGlobalSection
	GlobalSection(NestedProjects) = preSolution
		{4097131C-B16D-430B-9AC5-4149A0CFDCD5} = {2D59827D-2B6A-4E80-A265-E839984E277C}
		{FE4661FF-2BFC-4D4F-A524-78FB455CD20F} = {2D59827D-2B6A-4E80-A265-E839984E277C}
		{C74AFD0C-D373-4C5A-8EA1-3C0E30ABC273} = {2D59827D-2B6A-4E80-A265-E839984E277C}
		{E6BE1367-480C-46CC-9559-2DB1306833A0} = {2D59827D-2B6A-4E80-A265-E839984E277C}
		{B33EAA99-C3AD-42EC-9863-50577FE8E0B8} = {2D59827D-2B6A-4E80-A265-E839984E277C}
		{21E0E79F-6930-45CA-BA3C-443CEF94262B} = {8AFAA5A4-6A4D-4AFC-A691-34DAA832E628}
		{B28BEA4F-AFD9-4962-A207-37F1D8FE64B2} = {8AFAA5A4-6A4D-4AFC-A691-34DAA832E628}
	EndGlobalSection
EndGlobal
